
Microsoft Visual Studio Solution File, Format Version 12.00
# Visual Studio 15
VisualStudioVersion = 15.0.28307.779
MinimumVisualStudioVersion = 10.0.40219.1
Project("{FAE04EC0-301F-11D3-BF4B-00C04F79EFBC}") = "ShittyCSharpApp.Android", "ShittyCSharpApp\ShittyCSharpApp.Android\ShittyCSharpApp.Android.csproj", "{4E99DC32-5CD9-47DE-A9B7-5ED1BED66409}"
EndProject
Project("{FAE04EC0-301F-11D3-BF4B-00C04F79EFBC}") = "ShittyCSharpApp.iOS", "ShittyCSharpApp\ShittyCSharpApp.iOS\ShittyCSharpApp.iOS.csproj", "{CC739C64-3FE8-4FBA-9AC8-EB99C2E20AD9}"
EndProject
Project("{FAE04EC0-301F-11D3-BF4B-00C04F79EFBC}") = "ShittyCSharpApp", "ShittyCSharpApp\ShittyCSharpApp\ShittyCSharpApp.csproj", "{DC2D1A55-EC02-4EDF-BA9C-581A6267D6FE}"
EndProject
Global
	GlobalSection(SolutionConfigurationPlatforms) = preSolution
		Ad-Hoc|Any CPU = Ad-Hoc|Any CPU
		Ad-Hoc|iPhone = Ad-Hoc|iPhone
		Ad-Hoc|iPhoneSimulator = Ad-Hoc|iPhoneSimulator
		AppStore|Any CPU = AppStore|Any CPU
		AppStore|iPhone = AppStore|iPhone
		AppStore|iPhoneSimulator = AppStore|iPhoneSimulator
		Debug|Any CPU = Debug|Any CPU
		Debug|iPhone = Debug|iPhone
		Debug|iPhoneSimulator = Debug|iPhoneSimulator
		Release|Any CPU = Release|Any CPU
		Release|iPhone = Release|iPhone
		Release|iPhoneSimulator = Release|iPhoneSimulator
	EndGlobalSection
	GlobalSection(ProjectConfigurationPlatforms) = postSolution
		{4E99DC32-5CD9-47DE-A9B7-5ED1BED66409}.Ad-Hoc|Any CPU.ActiveCfg = Release|Any CPU
		{4E99DC32-5CD9-47DE-A9B7-5ED1BED66409}.Ad-Hoc|Any CPU.Build.0 = Release|Any CPU
		{4E99DC32-5CD9-47DE-A9B7-5ED1BED66409}.Ad-Hoc|Any CPU.Deploy.0 = Release|Any CPU
		{4E99DC32-5CD9-47DE-A9B7-5ED1BED66409}.Ad-Hoc|iPhone.ActiveCfg = Release|Any CPU
		{4E99DC32-5CD9-47DE-A9B7-5ED1BED66409}.Ad-Hoc|iPhone.Build.0 = Release|Any CPU
		{4E99DC32-5CD9-47DE-A9B7-5ED1BED66409}.Ad-Hoc|iPhone.Deploy.0 = Release|Any CPU
		{4E99DC32-5CD9-47DE-A9B7-5ED1BED66409}.Ad-Hoc|iPhoneSimulator.ActiveCfg = Release|Any CPU
		{4E99DC32-5CD9-47DE-A9B7-5ED1BED66409}.Ad-Hoc|iPhoneSimulator.Build.0 = Release|Any CPU
		{4E99DC32-5CD9-47DE-A9B7-5ED1BED66409}.Ad-Hoc|iPhoneSimulator.Deploy.0 = Release|Any CPU
		{4E99DC32-5CD9-47DE-A9B7-5ED1BED66409}.AppStore|Any CPU.ActiveCfg = Release|Any CPU
		{4E99DC32-5CD9-47DE-A9B7-5ED1BED66409}.AppStore|Any CPU.Build.0 = Release|Any CPU
		{4E99DC32-5CD9-47DE-A9B7-5ED1BED66409}.AppStore|Any CPU.Deploy.0 = Release|Any CPU
		{4E99DC32-5CD9-47DE-A9B7-5ED1BED66409}.AppStore|iPhone.ActiveCfg = Release|Any CPU
		{4E99DC32-5CD9-47DE-A9B7-5ED1BED66409}.AppStore|iPhone.Build.0 = Release|Any CPU
		{4E99DC32-5CD9-47DE-A9B7-5ED1BED66409}.AppStore|iPhone.Deploy.0 = Release|Any CPU
		{4E99DC32-5CD9-47DE-A9B7-5ED1BED66409}.AppStore|iPhoneSimulator.ActiveCfg = Release|Any CPU
		{4E99DC32-5CD9-47DE-A9B7-5ED1BED66409}.AppStore|iPhoneSimulator.Build.0 = Release|Any CPU
		{4E99DC32-5CD9-47DE-A9B7-5ED1BED66409}.AppStore|iPhoneSimulator.Deploy.0 = Release|Any CPU
		{4E99DC32-5CD9-47DE-A9B7-5ED1BED66409}.Debug|Any CPU.ActiveCfg = Debug|Any CPU
		{4E99DC32-5CD9-47DE-A9B7-5ED1BED66409}.Debug|Any CPU.Build.0 = Debug|Any CPU
		{4E99DC32-5CD9-47DE-A9B7-5ED1BED66409}.Debug|Any CPU.Deploy.0 = Debug|Any CPU
		{4E99DC32-5CD9-47DE-A9B7-5ED1BED66409}.Debug|iPhone.ActiveCfg = Debug|Any CPU
		{4E99DC32-5CD9-47DE-A9B7-5ED1BED66409}.Debug|iPhone.Build.0 = Debug|Any CPU
		{4E99DC32-5CD9-47DE-A9B7-5ED1BED66409}.Debug|iPhone.Deploy.0 = Debug|Any CPU
		{4E99DC32-5CD9-47DE-A9B7-5ED1BED66409}.Debug|iPhoneSimulator.ActiveCfg = Debug|Any CPU
		{4E99DC32-5CD9-47DE-A9B7-5ED1BED66409}.Debug|iPhoneSimulator.Build.0 = Debug|Any CPU
		{4E99DC32-5CD9-47DE-A9B7-5ED1BED66409}.Debug|iPhoneSimulator.Deploy.0 = Debug|Any CPU
		{4E99DC32-5CD9-47DE-A9B7-5ED1BED66409}.Release|Any CPU.ActiveCfg = Release|Any CPU
		{4E99DC32-5CD9-47DE-A9B7-5ED1BED66409}.Release|Any CPU.Build.0 = Release|Any CPU
		{4E99DC32-5CD9-47DE-A9B7-5ED1BED66409}.Release|Any CPU.Deploy.0 = Release|Any CPU
		{4E99DC32-5CD9-47DE-A9B7-5ED1BED66409}.Release|iPhone.ActiveCfg = Release|Any CPU
		{4E99DC32-5CD9-47DE-A9B7-5ED1BED66409}.Release|iPhone.Build.0 = Release|Any CPU
		{4E99DC32-5CD9-47DE-A9B7-5ED1BED66409}.Release|iPhone.Deploy.0 = Release|Any CPU
		{4E99DC32-5CD9-47DE-A9B7-5ED1BED66409}.Release|iPhoneSimulator.ActiveCfg = Release|Any CPU
		{4E99DC32-5CD9-47DE-A9B7-5ED1BED66409}.Release|iPhoneSimulator.Build.0 = Release|Any CPU
		{4E99DC32-5CD9-47DE-A9B7-5ED1BED66409}.Release|iPhoneSimulator.Deploy.0 = Release|Any CPU
		{CC739C64-3FE8-4FBA-9AC8-EB99C2E20AD9}.Ad-Hoc|Any CPU.ActiveCfg = Ad-Hoc|iPhone
		{CC739C64-3FE8-4FBA-9AC8-EB99C2E20AD9}.Ad-Hoc|Any CPU.Build.0 = Ad-Hoc|iPhone
		{CC739C64-3FE8-4FBA-9AC8-EB99C2E20AD9}.Ad-Hoc|Any CPU.Deploy.0 = Ad-Hoc|iPhone
		{CC739C64-3FE8-4FBA-9AC8-EB99C2E20AD9}.Ad-Hoc|iPhone.ActiveCfg = Ad-Hoc|iPhone
		{CC739C64-3FE8-4FBA-9AC8-EB99C2E20AD9}.Ad-Hoc|iPhone.Build.0 = Ad-Hoc|iPhone
		{CC739C64-3FE8-4FBA-9AC8-EB99C2E20AD9}.Ad-Hoc|iPhone.Deploy.0 = Ad-Hoc|iPhone
		{CC739C64-3FE8-4FBA-9AC8-EB99C2E20AD9}.Ad-Hoc|iPhoneSimulator.ActiveCfg = Ad-Hoc|iPhoneSimulator
		{CC739C64-3FE8-4FBA-9AC8-EB99C2E20AD9}.Ad-Hoc|iPhoneSimulator.Build.0 = Ad-Hoc|iPhoneSimulator
		{CC739C64-3FE8-4FBA-9AC8-EB99C2E20AD9}.Ad-Hoc|iPhoneSimulator.Deploy.0 = Ad-Hoc|iPhoneSimulator
		{CC739C64-3FE8-4FBA-9AC8-EB99C2E20AD9}.AppStore|Any CPU.ActiveCfg = AppStore|iPhone
		{CC739C64-3FE8-4FBA-9AC8-EB99C2E20AD9}.AppStore|Any CPU.Build.0 = AppStore|iPhone
		{CC739C64-3FE8-4FBA-9AC8-EB99C2E20AD9}.AppStore|Any CPU.Deploy.0 = AppStore|iPhone
		{CC739C64-3FE8-4FBA-9AC8-EB99C2E20AD9}.AppStore|iPhone.ActiveCfg = AppStore|iPhone
		{CC739C64-3FE8-4FBA-9AC8-EB99C2E20AD9}.AppStore|iPhone.Build.0 = AppStore|iPhone
		{CC739C64-3FE8-4FBA-9AC8-EB99C2E20AD9}.AppStore|iPhone.Deploy.0 = AppStore|iPhone
		{CC739C64-3FE8-4FBA-9AC8-EB99C2E20AD9}.AppStore|iPhoneSimulator.ActiveCfg = AppStore|iPhoneSimulator
		{CC739C64-3FE8-4FBA-9AC8-EB99C2E20AD9}.AppStore|iPhoneSimulator.Build.0 = AppStore|iPhoneSimulator
		{CC739C64-3FE8-4FBA-9AC8-EB99C2E20AD9}.AppStore|iPhoneSimulator.Deploy.0 = AppStore|iPhoneSimulator
		{CC739C64-3FE8-4FBA-9AC8-EB99C2E20AD9}.Debug|Any CPU.ActiveCfg = Debug|iPhoneSimulator
		{CC739C64-3FE8-4FBA-9AC8-EB99C2E20AD9}.Debug|Any CPU.Build.0 = Debug|iPhoneSimulator
		{CC739C64-3FE8-4FBA-9AC8-EB99C2E20AD9}.Debug|Any CPU.Deploy.0 = Debug|iPhoneSimulator
		{CC739C64-3FE8-4FBA-9AC8-EB99C2E20AD9}.Debug|iPhone.ActiveCfg = Debug|iPhone
		{CC739C64-3FE8-4FBA-9AC8-EB99C2E20AD9}.Debug|iPhone.Build.0 = Debug|iPhone
		{CC739C64-3FE8-4FBA-9AC8-EB99C2E20AD9}.Debug|iPhone.Deploy.0 = Debug|iPhone
		{CC739C64-3FE8-4FBA-9AC8-EB99C2E20AD9}.Debug|iPhoneSimulator.ActiveCfg = Debug|iPhoneSimulator
		{CC739C64-3FE8-4FBA-9AC8-EB99C2E20AD9}.Debug|iPhoneSimulator.Build.0 = Debug|iPhoneSimulator
		{CC739C64-3FE8-4FBA-9AC8-EB99C2E20AD9}.Debug|iPhoneSimulator.Deploy.0 = Debug|iPhoneSimulator
		{CC739C64-3FE8-4FBA-9AC8-EB99C2E20AD9}.Release|Any CPU.ActiveCfg = Release|iPhone
		{CC739C64-3FE8-4FBA-9AC8-EB99C2E20AD9}.Release|Any CPU.Build.0 = Release|iPhone
		{CC739C64-3FE8-4FBA-9AC8-EB99C2E20AD9}.Release|Any CPU.Deploy.0 = Release|iPhone
		{CC739C64-3FE8-4FBA-9AC8-EB99C2E20AD9}.Release|iPhone.ActiveCfg = Release|iPhone
		{CC739C64-3FE8-4FBA-9AC8-EB99C2E20AD9}.Release|iPhone.Build.0 = Release|iPhone
		{CC739C64-3FE8-4FBA-9AC8-EB99C2E20AD9}.Release|iPhone.Deploy.0 = Release|iPhone
		{CC739C64-3FE8-4FBA-9AC8-EB99C2E20AD9}.Release|iPhoneSimulator.ActiveCfg = Release|iPhoneSimulator
		{CC739C64-3FE8-4FBA-9AC8-EB99C2E20AD9}.Release|iPhoneSimulator.Build.0 = Release|iPhoneSimulator
		{CC739C64-3FE8-4FBA-9AC8-EB99C2E20AD9}.Release|iPhoneSimulator.Deploy.0 = Release|iPhoneSimulator
		{DC2D1A55-EC02-4EDF-BA9C-581A6267D6FE}.Ad-Hoc|Any CPU.ActiveCfg = Debug|Any CPU
		{DC2D1A55-EC02-4EDF-BA9C-581A6267D6FE}.Ad-Hoc|Any CPU.Build.0 = Debug|Any CPU
		{DC2D1A55-EC02-4EDF-BA9C-581A6267D6FE}.Ad-Hoc|Any CPU.Deploy.0 = Debug|Any CPU
		{DC2D1A55-EC02-4EDF-BA9C-581A6267D6FE}.Ad-Hoc|iPhone.ActiveCfg = Debug|Any CPU
		{DC2D1A55-EC02-4EDF-BA9C-581A6267D6FE}.Ad-Hoc|iPhone.Build.0 = Debug|Any CPU
		{DC2D1A55-EC02-4EDF-BA9C-581A6267D6FE}.Ad-Hoc|iPhone.Deploy.0 = Debug|Any CPU
		{DC2D1A55-EC02-4EDF-BA9C-581A6267D6FE}.Ad-Hoc|iPhoneSimulator.ActiveCfg = Debug|Any CPU
		{DC2D1A55-EC02-4EDF-BA9C-581A6267D6FE}.Ad-Hoc|iPhoneSimulator.Build.0 = Debug|Any CPU
		{DC2D1A55-EC02-4EDF-BA9C-581A6267D6FE}.Ad-Hoc|iPhoneSimulator.Deploy.0 = Debug|Any CPU
		{DC2D1A55-EC02-4EDF-BA9C-581A6267D6FE}.AppStore|Any CPU.ActiveCfg = Debug|Any CPU
		{DC2D1A55-EC02-4EDF-BA9C-581A6267D6FE}.AppStore|Any CPU.Build.0 = Debug|Any CPU
		{DC2D1A55-EC02-4EDF-BA9C-581A6267D6FE}.AppStore|Any CPU.Deploy.0 = Debug|Any CPU
		{DC2D1A55-EC02-4EDF-BA9C-581A6267D6FE}.AppStore|iPhone.ActiveCfg = Debug|Any CPU
		{DC2D1A55-EC02-4EDF-BA9C-581A6267D6FE}.AppStore|iPhone.Build.0 = Debug|Any CPU
		{DC2D1A55-EC02-4EDF-BA9C-581A6267D6FE}.AppStore|iPhone.Deploy.0 = Debug|Any CPU
		{DC2D1A55-EC02-4EDF-BA9C-581A6267D6FE}.AppStore|iPhoneSimulator.ActiveCfg = Debug|Any CPU
		{DC2D1A55-EC02-4EDF-BA9C-581A6267D6FE}.AppStore|iPhoneSimulator.Build.0 = Debug|Any CPU
		{DC2D1A55-EC02-4EDF-BA9C-581A6267D6FE}.AppStore|iPhoneSimulator.Deploy.0 = Debug|Any CPU
		{DC2D1A55-EC02-4EDF-BA9C-581A6267D6FE}.Debug|Any CPU.ActiveCfg = Debug|Any CPU
		{DC2D1A55-EC02-4EDF-BA9C-581A6267D6FE}.Debug|Any CPU.Build.0 = Debug|Any CPU
		{DC2D1A55-EC02-4EDF-BA9C-581A6267D6FE}.Debug|Any CPU.Deploy.0 = Debug|Any CPU
		{DC2D1A55-EC02-4EDF-BA9C-581A6267D6FE}.Debug|iPhone.ActiveCfg = Debug|Any CPU
		{DC2D1A55-EC02-4EDF-BA9C-581A6267D6FE}.Debug|iPhone.Build.0 = Debug|Any CPU
		{DC2D1A55-EC02-4EDF-BA9C-581A6267D6FE}.Debug|iPhone.Deploy.0 = Debug|Any CPU
		{DC2D1A55-EC02-4EDF-BA9C-581A6267D6FE}.Debug|iPhoneSimulator.ActiveCfg = Debug|Any CPU
		{DC2D1A55-EC02-4EDF-BA9C-581A6267D6FE}.Debug|iPhoneSimulator.Build.0 = Debug|Any CPU
		{DC2D1A55-EC02-4EDF-BA9C-581A6267D6FE}.Debug|iPhoneSimulator.Deploy.0 = Debug|Any CPU
		{DC2D1A55-EC02-4EDF-BA9C-581A6267D6FE}.Release|Any CPU.ActiveCfg = Release|Any CPU
		{DC2D1A55-EC02-4EDF-BA9C-581A6267D6FE}.Release|Any CPU.Build.0 = Release|Any CPU
		{DC2D1A55-EC02-4EDF-BA9C-581A6267D6FE}.Release|Any CPU.Deploy.0 = Release|Any CPU
		{DC2D1A55-EC02-4EDF-BA9C-581A6267D6FE}.Release|iPhone.ActiveCfg = Release|Any CPU
		{DC2D1A55-EC02-4EDF-BA9C-581A6267D6FE}.Release|iPhone.Build.0 = Release|Any CPU
		{DC2D1A55-EC02-4EDF-BA9C-581A6267D6FE}.Release|iPhone.Deploy.0 = Release|Any CPU
		{DC2D1A55-EC02-4EDF-BA9C-581A6267D6FE}.Release|iPhoneSimulator.ActiveCfg = Release|Any CPU
		{DC2D1A55-EC02-4EDF-BA9C-581A6267D6FE}.Release|iPhoneSimulator.Build.0 = Release|Any CPU
		{DC2D1A55-EC02-4EDF-BA9C-581A6267D6FE}.Release|iPhoneSimulator.Deploy.0 = Release|Any CPU
	EndGlobalSection
	GlobalSection(SolutionProperties) = preSolution
		HideSolutionNode = FALSE
	EndGlobalSection
	GlobalSection(ExtensibilityGlobals) = postSolution
		SolutionGuid = {E777668F-65E5-4A33-B37D-F664E4CAB97B}
	EndGlobalSection
EndGlobal
